{
  "nodes": {
    "home-manager": {
      "inputs": {
        "nixpkgs": [
          "nixpkgs"
        ]
      },
      "locked": {
        "lastModified": 1739416022,
        "narHash": "sha256-Af1CIT+XlXEb+Dk11sgPDzJoOUiada2Xoj5hA8TBvLY=",
        "owner": "nix-community",
        "repo": "home-manager",
        "rev": "c9d343cfa0565671cc7e8d5aefebaf61cc840abd",
        "type": "github"
      },
      "original": {
        "owner": "nix-community",
        "repo": "home-manager",
        "type": "github"
      }
    },
    "libnbtplusplus": {
      "flake": false,
      "locked": {
        "lastModified": 1699286814,
        "narHash": "sha256-yy0q+bky80LtK1GWzz7qpM+aAGrOqLuewbid8WT1ilk=",
        "owner": "PrismLauncher",
        "repo": "libnbtplusplus",
        "rev": "23b955121b8217c1c348a9ed2483167a6f3ff4ad",
        "type": "github"
      },
      "original": {
        "owner": "PrismLauncher",
        "repo": "libnbtplusplus",
        "type": "github"
      }
    },
    "nix-filter": {
      "locked": {
        "lastModified": 1731533336,
        "narHash": "sha256-oRam5PS1vcrr5UPgALW0eo1m/5/pls27Z/pabHNy2Ms=",
        "owner": "numtide",
        "repo": "nix-filter",
        "rev": "f7653272fd234696ae94229839a99b73c9ab7de0",
        "type": "github"
      },
      "original": {
        "owner": "numtide",
        "repo": "nix-filter",
        "type": "github"
      }
    },
    "nixCats": {
      "locked": {
        "lastModified": 1738991100,
        "narHash": "sha256-smTBsgrpagQrPWnOSq4wcz1Q1UJ4denBNPmBAJN2Ol4=",
        "owner": "BirdeeHub",
        "repo": "nixCats-nvim",
        "rev": "54e2cc42dbefb9e152d9584794f5d8d94a20a534",
        "type": "github"
      },
      "original": {
        "owner": "BirdeeHub",
        "repo": "nixCats-nvim",
        "type": "github"
      }
    },
    "nixpkgs": {
      "locked": {
        "lastModified": 1739214665,
        "narHash": "sha256-26L8VAu3/1YRxS8MHgBOyOM8xALdo6N0I04PgorE7UM=",
        "owner": "NixOS",
        "repo": "nixpkgs",
        "rev": "64e75cd44acf21c7933d61d7721e812eac1b5a0a",
        "type": "github"
      },
      "original": {
        "owner": "NixOS",
        "ref": "nixos-unstable",
        "repo": "nixpkgs",
        "type": "github"
      }
    },
    "nixpkgs-stable": {
      "locked": {
        "lastModified": 1739206421,
        "narHash": "sha256-PwQASeL2cGVmrtQYlrBur0U20Xy07uSWVnFup2PHnDs=",
        "owner": "nixos",
        "repo": "nixpkgs",
        "rev": "44534bc021b85c8d78e465021e21f33b856e2540",
        "type": "github"
      },
      "original": {
        "owner": "nixos",
        "ref": "nixos-24.11",
        "repo": "nixpkgs",
        "type": "github"
      }
    },
    "nixpkgs_2": {
      "locked": {
        "lastModified": 1738410390,
        "narHash": "sha256-xvTo0Aw0+veek7hvEVLzErmJyQkEcRk6PSR4zsRQFEc=",
        "owner": "NixOS",
        "repo": "nixpkgs",
        "rev": "3a228057f5b619feb3186e986dbe76278d707b6e",
        "type": "github"
      },
      "original": {
        "owner": "NixOS",
        "ref": "nixos-unstable",
        "repo": "nixpkgs",
        "type": "github"
      }
    },
    "nvim-config": {
      "inputs": {
        "nixCats": "nixCats",
        "nixpkgs": [
          "nixpkgs-stable"
        ],
        "plugins-nvim-treesitter-cpp-tools": "plugins-nvim-treesitter-cpp-tools",
        "plugins-w3m-vim": "plugins-w3m-vim"
      },
      "locked": {
        "lastModified": 1739085612,
        "narHash": "sha256-z1ZrrSvJSpww2BELpOW3W+Hq1ZTwQFAvxEMefLR0N1k=",
        "owner": "megadrage",
        "repo": "nixCats-vim",
        "rev": "2cf9335329cc7212be16a77011ef2ec621f10b8a",
        "type": "github"
      },
      "original": {
        "owner": "megadrage",
        "repo": "nixCats-vim",
        "type": "github"
      }
    },
    "plugins-nvim-treesitter-cpp-tools": {
      "flake": false,
      "locked": {
        "lastModified": 1738604826,
        "narHash": "sha256-5G0VAGRgd0RPo7fJFMr7u59yTuH4UwvQ1ca1KRcyByA=",
        "owner": "Badhi",
        "repo": "nvim-treesitter-cpp-tools",
        "rev": "84863e05159e95e6aec2ef30418ea88452f8f445",
        "type": "github"
      },
      "original": {
        "owner": "Badhi",
        "repo": "nvim-treesitter-cpp-tools",
        "type": "github"
      }
    },
    "plugins-w3m-vim": {
      "flake": false,
      "locked": {
        "lastModified": 1418302067,
        "narHash": "sha256-zv5WdkS5PouGQbsklZev8X3oIg3EWUhb10GBqm/0BjA=",
        "owner": "yuratomo",
        "repo": "w3m.vim",
        "rev": "228a852b188f1a62ecea55fa48b0ec892fa6bad7",
        "type": "github"
      },
      "original": {
        "owner": "yuratomo",
        "repo": "w3m.vim",
        "type": "github"
      }
    },
    "prismlauncher": {
      "inputs": {
        "flake-compat": [],
        "libnbtplusplus": "libnbtplusplus",
        "nix-filter": "nix-filter",
        "nixpkgs": "nixpkgs_2"
      },
      "locked": {
        "lastModified": 1739405085,
        "narHash": "sha256-3c2Ofbe4F4lAm2iMzPkuj3F1X8UZNYqEnl/+Pb98e0o=",
        "owner": "PrismLauncher",
        "repo": "PrismLauncher",
        "rev": "e41a60e57e4d66b3394f285bf832b01e4ef8f12c",
        "type": "github"
      },
      "original": {
        "owner": "PrismLauncher",
        "repo": "PrismLauncher",
        "type": "github"
      }
    },
    "root": {
      "inputs": {
        "home-manager": "home-manager",
        "nixpkgs": "nixpkgs",
        "nixpkgs-stable": "nixpkgs-stable",
        "nvim-config": "nvim-config",
        "prismlauncher": "prismlauncher"
      }
    }
  },
  "root": "root",
  "version": 7
}
